
Microsoft Visual Studio Solution File, Format Version 12.00
# Visual Studio 2013
VisualStudioVersion = 12.0.21005.1
MinimumVisualStudioVersion = 10.0.40219.1
Project("{FAE04EC0-301F-11D3-BF4B-00C04F79EFBC}") = "VIPDC.Web", "VIPDC.Web\VIPDC.Web.csproj", "{E5173D87-2A0E-4317-87E5-926240559260}"
EndProject
Project("{FAE04EC0-301F-11D3-BF4B-00C04F79EFBC}") = "VIPDC.Data", "VIPDC.Data\VIPDC.Data.csproj", "{F9143FEC-CBEC-40C1-B566-169132AFCF07}"
EndProject
Project("{FAE04EC0-301F-11D3-BF4B-00C04F79EFBC}") = "VIPDC.Providers", "VIPDC.Providers\VIPDC.Providers.csproj", "{6AD56BA0-1185-4ACC-99EC-60323D725B9E}"
EndProject
Global
	GlobalSection(TeamFoundationVersionControl) = preSolution
		SccNumberOfProjects = 4
		SccEnterpriseProvider = {4CA58AB2-18FA-4F8D-95D4-32DDF27D184C}
		SccTeamFoundationServer = https://benecello.visualstudio.com/defaultcollection
		SccLocalPath0 = .
		SccProjectUniqueName1 = VIPDC.Data\\VIPDC.Data.csproj
		SccProjectName1 = VIPDC.Data
		SccLocalPath1 = VIPDC.Data
		SccProjectUniqueName2 = VIPDC.Providers\\VIPDC.Providers.csproj
		SccProjectName2 = VIPDC.Providers
		SccLocalPath2 = VIPDC.Providers
		SccProjectUniqueName3 = VIPDC.Web\\VIPDC.Web.csproj
		SccProjectName3 = VIPDC.Web
		SccLocalPath3 = VIPDC.Web
	EndGlobalSection
	GlobalSection(SolutionConfigurationPlatforms) = preSolution
		Debug|Any CPU = Debug|Any CPU
		Release|Any CPU = Release|Any CPU
	EndGlobalSection
	GlobalSection(ProjectConfigurationPlatforms) = postSolution
		{E5173D87-2A0E-4317-87E5-926240559260}.Debug|Any CPU.ActiveCfg = Debug|Any CPU
		{E5173D87-2A0E-4317-87E5-926240559260}.Debug|Any CPU.Build.0 = Debug|Any CPU
		{E5173D87-2A0E-4317-87E5-926240559260}.Release|Any CPU.ActiveCfg = Release|Any CPU
		{E5173D87-2A0E-4317-87E5-926240559260}.Release|Any CPU.Build.0 = Release|Any CPU
		{F9143FEC-CBEC-40C1-B566-169132AFCF07}.Debug|Any CPU.ActiveCfg = Debug|Any CPU
		{F9143FEC-CBEC-40C1-B566-169132AFCF07}.Debug|Any CPU.Build.0 = Debug|Any CPU
		{F9143FEC-CBEC-40C1-B566-169132AFCF07}.Release|Any CPU.ActiveCfg = Release|Any CPU
		{F9143FEC-CBEC-40C1-B566-169132AFCF07}.Release|Any CPU.Build.0 = Release|Any CPU
		{6AD56BA0-1185-4ACC-99EC-60323D725B9E}.Debug|Any CPU.ActiveCfg = Debug|Any CPU
		{6AD56BA0-1185-4ACC-99EC-60323D725B9E}.Debug|Any CPU.Build.0 = Debug|Any CPU
		{6AD56BA0-1185-4ACC-99EC-60323D725B9E}.Release|Any CPU.ActiveCfg = Release|Any CPU
		{6AD56BA0-1185-4ACC-99EC-60323D725B9E}.Release|Any CPU.Build.0 = Release|Any CPU
	EndGlobalSection
	GlobalSection(SolutionProperties) = preSolution
		HideSolutionNode = FALSE
	EndGlobalSection
EndGlobal
